
Microsoft Visual Studio Solution File, Format Version 12.00
# Visual Studio Version 17
VisualStudioVersion = 17.8.34525.116
MinimumVisualStudioVersion = 10.0.40219.1
Project("{FAE04EC0-301F-11D3-BF4B-00C04F79EFBC}") = "DissertationProject", "DissertationProject\DissertationProject.csproj", "{CF353AA8-3FEF-4054-A50C-55DDF59DAFC2}"
EndProject
Global
	GlobalSection(SolutionConfigurationPlatforms) = preSolution
		Debug|Any CPU = Debug|Any CPU
		Release|Any CPU = Release|Any CPU
	EndGlobalSection
	GlobalSection(ProjectConfigurationPlatforms) = postSolution
		{CF353AA8-3FEF-4054-A50C-55DDF59DAFC2}.Debug|Any CPU.ActiveCfg = Debug|Any CPU
		{CF353AA8-3FEF-4054-A50C-55DDF59DAFC2}.Debug|Any CPU.Build.0 = Debug|Any CPU
		{CF353AA8-3FEF-4054-A50C-55DDF59DAFC2}.Release|Any CPU.ActiveCfg = Release|Any CPU
		{CF353AA8-3FEF-4054-A50C-55DDF59DAFC2}.Release|Any CPU.Build.0 = Release|Any CPU
	EndGlobalSection
	GlobalSection(SolutionProperties) = preSolution
		HideSolutionNode = FALSE
	EndGlobalSection
	GlobalSection(ExtensibilityGlobals) = postSolution
		SolutionGuid = {7E729E1C-207F-40D3-9EE1-AD0E4BEC56CE}
	EndGlobalSection
EndGlobal
